
Microsoft Visual Studio Solution File, Format Version 12.00
# Visual Studio Version 16
VisualStudioVersion = 16.0.33214.272
MinimumVisualStudioVersion = 10.0.40219.1
Project("{FAE04EC0-301F-11D3-BF4B-00C04F79EFBC}") = "BLL", "BLL\BLL.csproj", "{94B2EA76-769D-407E-BE3D-33FD2FCAE36A}"
EndProject
Project("{FAE04EC0-301F-11D3-BF4B-00C04F79EFBC}") = "DLL", "DLL\DLL.csproj", "{061FCB78-B9E1-4667-AE59-957885DE4CE4}"
EndProject
Project("{FAE04EC0-301F-11D3-BF4B-00C04F79EFBC}") = "CustomControls", "CustomControls\CustomControls.csproj", "{CD7E2E72-7ECA-4A16-A5BF-197234C8E715}"
EndProject
Project("{FAE04EC0-301F-11D3-BF4B-00C04F79EFBC}") = "DiamondLink", "DiamondLink\DiamondLink.csproj", "{11ECB741-15A4-4E94-8325-21A221A72BA6}"
EndProject
Project("{FAE04EC0-301F-11D3-BF4B-00C04F79EFBC}") = "Account_Management", "Account_Management\Account_Management.csproj", "{DDB1CD9A-1D78-47F4-909D-FADDD271BB7D}"
EndProject
Global
	GlobalSection(SolutionConfigurationPlatforms) = preSolution
		Debug|Any CPU = Debug|Any CPU
		Release|Any CPU = Release|Any CPU
	EndGlobalSection
	GlobalSection(ProjectConfigurationPlatforms) = postSolution
		{94B2EA76-769D-407E-BE3D-33FD2FCAE36A}.Debug|Any CPU.ActiveCfg = Debug|Any CPU
		{94B2EA76-769D-407E-BE3D-33FD2FCAE36A}.Debug|Any CPU.Build.0 = Debug|Any CPU
		{94B2EA76-769D-407E-BE3D-33FD2FCAE36A}.Release|Any CPU.ActiveCfg = Release|Any CPU
		{94B2EA76-769D-407E-BE3D-33FD2FCAE36A}.Release|Any CPU.Build.0 = Release|Any CPU
		{061FCB78-B9E1-4667-AE59-957885DE4CE4}.Debug|Any CPU.ActiveCfg = Debug|Any CPU
		{061FCB78-B9E1-4667-AE59-957885DE4CE4}.Debug|Any CPU.Build.0 = Debug|Any CPU
		{061FCB78-B9E1-4667-AE59-957885DE4CE4}.Release|Any CPU.ActiveCfg = Release|Any CPU
		{061FCB78-B9E1-4667-AE59-957885DE4CE4}.Release|Any CPU.Build.0 = Release|Any CPU
		{CD7E2E72-7ECA-4A16-A5BF-197234C8E715}.Debug|Any CPU.ActiveCfg = Debug|Any CPU
		{CD7E2E72-7ECA-4A16-A5BF-197234C8E715}.Debug|Any CPU.Build.0 = Debug|Any CPU
		{CD7E2E72-7ECA-4A16-A5BF-197234C8E715}.Release|Any CPU.ActiveCfg = Release|Any CPU
		{CD7E2E72-7ECA-4A16-A5BF-197234C8E715}.Release|Any CPU.Build.0 = Release|Any CPU
		{11ECB741-15A4-4E94-8325-21A221A72BA6}.Debug|Any CPU.ActiveCfg = Debug|Any CPU
		{11ECB741-15A4-4E94-8325-21A221A72BA6}.Debug|Any CPU.Build.0 = Debug|Any CPU
		{11ECB741-15A4-4E94-8325-21A221A72BA6}.Release|Any CPU.ActiveCfg = Release|Any CPU
		{11ECB741-15A4-4E94-8325-21A221A72BA6}.Release|Any CPU.Build.0 = Release|Any CPU
		{DDB1CD9A-1D78-47F4-909D-FADDD271BB7D}.Debug|Any CPU.ActiveCfg = Debug|Any CPU
		{DDB1CD9A-1D78-47F4-909D-FADDD271BB7D}.Debug|Any CPU.Build.0 = Debug|Any CPU
		{DDB1CD9A-1D78-47F4-909D-FADDD271BB7D}.Release|Any CPU.ActiveCfg = Release|Any CPU
		{DDB1CD9A-1D78-47F4-909D-FADDD271BB7D}.Release|Any CPU.Build.0 = Release|Any CPU
	EndGlobalSection
	GlobalSection(SolutionProperties) = preSolution
		HideSolutionNode = FALSE
	EndGlobalSection
	GlobalSection(ExtensibilityGlobals) = postSolution
		SolutionGuid = {5077B414-7D94-413F-9E03-A76F6691D6C9}
		VisualSVNWorkingCopyRoot = .
	EndGlobalSection
EndGlobal
